
Microsoft Visual Studio Solution File, Format Version 12.00
# Visual Studio Version 16
VisualStudioVersion = 16.0.31515.178
MinimumVisualStudioVersion = 10.0.40219.1
Project("{FAE04EC0-301F-11D3-BF4B-00C04F79EFBC}") = "CalculatorBot", "CalculatorBot\CalculatorBot.csproj", "{61A64DA1-AE54-48AB-B557-268625AB57B9}"
EndProject
Global
	GlobalSection(SolutionConfigurationPlatforms) = preSolution
		Debug|Any CPU = Debug|Any CPU
		Release|Any CPU = Release|Any CPU
	EndGlobalSection
	GlobalSection(ProjectConfigurationPlatforms) = postSolution
		{61A64DA1-AE54-48AB-B557-268625AB57B9}.Debug|Any CPU.ActiveCfg = Debug|Any CPU
		{61A64DA1-AE54-48AB-B557-268625AB57B9}.Debug|Any CPU.Build.0 = Debug|Any CPU
		{61A64DA1-AE54-48AB-B557-268625AB57B9}.Release|Any CPU.ActiveCfg = Release|Any CPU
		{61A64DA1-AE54-48AB-B557-268625AB57B9}.Release|Any CPU.Build.0 = Release|Any CPU
	EndGlobalSection
	GlobalSection(SolutionProperties) = preSolution
		HideSolutionNode = FALSE
	EndGlobalSection
	GlobalSection(ExtensibilityGlobals) = postSolution
		SolutionGuid = {9EEF7E91-8347-4E6E-946D-2D2825523DC3}
	EndGlobalSection
EndGlobal
